
Microsoft Visual Studio Solution File, Format Version 12.00
# Visual Studio 15
VisualStudioVersion = 15.0.27428.2011
MinimumVisualStudioVersion = 10.0.40219.1
Project("{9A19103F-16F7-4668-BE54-9A1E7A4F7556}") = "MorrisCounter", "MorrisCounter\MorrisCounter.csproj", "{24755DE0-0158-4D62-9F7C-953107A8E513}"
EndProject
Project("{9A19103F-16F7-4668-BE54-9A1E7A4F7556}") = "Unosquare.RaspberryIO", "..\raspberryio\src\Unosquare.RaspberryIO\Unosquare.RaspberryIO.csproj", "{630618B5-0D15-4D0A-8DB4-F7254B9A630B}"
EndProject
Global
	GlobalSection(SolutionConfigurationPlatforms) = preSolution
		Debug|Any CPU = Debug|Any CPU
		Release|Any CPU = Release|Any CPU
	EndGlobalSection
	GlobalSection(ProjectConfigurationPlatforms) = postSolution
		{24755DE0-0158-4D62-9F7C-953107A8E513}.Debug|Any CPU.ActiveCfg = Debug|Any CPU
		{24755DE0-0158-4D62-9F7C-953107A8E513}.Debug|Any CPU.Build.0 = Debug|Any CPU
		{24755DE0-0158-4D62-9F7C-953107A8E513}.Release|Any CPU.ActiveCfg = Release|Any CPU
		{24755DE0-0158-4D62-9F7C-953107A8E513}.Release|Any CPU.Build.0 = Release|Any CPU
		{630618B5-0D15-4D0A-8DB4-F7254B9A630B}.Debug|Any CPU.ActiveCfg = Debug|Any CPU
		{630618B5-0D15-4D0A-8DB4-F7254B9A630B}.Debug|Any CPU.Build.0 = Debug|Any CPU
		{630618B5-0D15-4D0A-8DB4-F7254B9A630B}.Release|Any CPU.ActiveCfg = Release|Any CPU
		{630618B5-0D15-4D0A-8DB4-F7254B9A630B}.Release|Any CPU.Build.0 = Release|Any CPU
	EndGlobalSection
	GlobalSection(SolutionProperties) = preSolution
		HideSolutionNode = FALSE
	EndGlobalSection
	GlobalSection(ExtensibilityGlobals) = postSolution
		SolutionGuid = {7D163410-4AD1-4E97-8188-65E6D147019F}
	EndGlobalSection
EndGlobal
